
Microsoft Visual Studio Solution File, Format Version 12.00
# Visual Studio Version 17
VisualStudioVersion = 17.13.35931.197
MinimumVisualStudioVersion = 10.0.40219.1
Project("{FAE04EC0-301F-11D3-BF4B-00C04F79EFBC}") = "A. Bit++", "A. Bit++\A. Bit++.csproj", "{55F6349E-81CF-4355-B1C5-5D65D5ED7F9A}"
EndProject
Project("{FAE04EC0-301F-11D3-BF4B-00C04F79EFBC}") = "A. Beautiful Matrix", "A. Beautiful Matrix\A. Beautiful Matrix.csproj", "{7701AB3F-DDD8-4DA5-8843-24661528C933}"
EndProject
Project("{FAE04EC0-301F-11D3-BF4B-00C04F79EFBC}") = "A. Dinner Time", "A. Dinner Time\A. Dinner Time.csproj", "{E3451CE3-EEC2-451B-BAEE-FDD39676BDAD}"
EndProject
Project("{FAE04EC0-301F-11D3-BF4B-00C04F79EFBC}") = "A. LRC and VIP", "A. LRC and VIP\A. LRC and VIP.csproj", "{B9365589-4979-4088-A2AD-165CFEB3F6BA}"
EndProject
Project("{FAE04EC0-301F-11D3-BF4B-00C04F79EFBC}") = "A. Permutation Warm-Up", "A. Permutation Warm-Up\A. Permutation Warm-Up.csproj", "{38363BEB-6841-48D7-9184-EDA8F946BAE8}"
EndProject
Project("{FAE04EC0-301F-11D3-BF4B-00C04F79EFBC}") = "A. Three Decks", "A. Three Decks\A. Three Decks.csproj", "{88A26036-E5F1-4610-9B60-46254E97B878}"
EndProject
Global
	GlobalSection(SolutionConfigurationPlatforms) = preSolution
		Debug|Any CPU = Debug|Any CPU
		Release|Any CPU = Release|Any CPU
	EndGlobalSection
	GlobalSection(ProjectConfigurationPlatforms) = postSolution
		{55F6349E-81CF-4355-B1C5-5D65D5ED7F9A}.Debug|Any CPU.ActiveCfg = Debug|Any CPU
		{55F6349E-81CF-4355-B1C5-5D65D5ED7F9A}.Debug|Any CPU.Build.0 = Debug|Any CPU
		{55F6349E-81CF-4355-B1C5-5D65D5ED7F9A}.Release|Any CPU.ActiveCfg = Release|Any CPU
		{55F6349E-81CF-4355-B1C5-5D65D5ED7F9A}.Release|Any CPU.Build.0 = Release|Any CPU
		{7701AB3F-DDD8-4DA5-8843-24661528C933}.Debug|Any CPU.ActiveCfg = Debug|Any CPU
		{7701AB3F-DDD8-4DA5-8843-24661528C933}.Debug|Any CPU.Build.0 = Debug|Any CPU
		{7701AB3F-DDD8-4DA5-8843-24661528C933}.Release|Any CPU.ActiveCfg = Release|Any CPU
		{7701AB3F-DDD8-4DA5-8843-24661528C933}.Release|Any CPU.Build.0 = Release|Any CPU
		{E3451CE3-EEC2-451B-BAEE-FDD39676BDAD}.Debug|Any CPU.ActiveCfg = Debug|Any CPU
		{E3451CE3-EEC2-451B-BAEE-FDD39676BDAD}.Debug|Any CPU.Build.0 = Debug|Any CPU
		{E3451CE3-EEC2-451B-BAEE-FDD39676BDAD}.Release|Any CPU.ActiveCfg = Release|Any CPU
		{E3451CE3-EEC2-451B-BAEE-FDD39676BDAD}.Release|Any CPU.Build.0 = Release|Any CPU
		{B9365589-4979-4088-A2AD-165CFEB3F6BA}.Debug|Any CPU.ActiveCfg = Debug|Any CPU
		{B9365589-4979-4088-A2AD-165CFEB3F6BA}.Debug|Any CPU.Build.0 = Debug|Any CPU
		{B9365589-4979-4088-A2AD-165CFEB3F6BA}.Release|Any CPU.ActiveCfg = Release|Any CPU
		{B9365589-4979-4088-A2AD-165CFEB3F6BA}.Release|Any CPU.Build.0 = Release|Any CPU
		{38363BEB-6841-48D7-9184-EDA8F946BAE8}.Debug|Any CPU.ActiveCfg = Debug|Any CPU
		{38363BEB-6841-48D7-9184-EDA8F946BAE8}.Debug|Any CPU.Build.0 = Debug|Any CPU
		{38363BEB-6841-48D7-9184-EDA8F946BAE8}.Release|Any CPU.ActiveCfg = Release|Any CPU
		{38363BEB-6841-48D7-9184-EDA8F946BAE8}.Release|Any CPU.Build.0 = Release|Any CPU
		{88A26036-E5F1-4610-9B60-46254E97B878}.Debug|Any CPU.ActiveCfg = Debug|Any CPU
		{88A26036-E5F1-4610-9B60-46254E97B878}.Debug|Any CPU.Build.0 = Debug|Any CPU
		{88A26036-E5F1-4610-9B60-46254E97B878}.Release|Any CPU.ActiveCfg = Release|Any CPU
		{88A26036-E5F1-4610-9B60-46254E97B878}.Release|Any CPU.Build.0 = Release|Any CPU
	EndGlobalSection
	GlobalSection(SolutionProperties) = preSolution
		HideSolutionNode = FALSE
	EndGlobalSection
	GlobalSection(ExtensibilityGlobals) = postSolution
		SolutionGuid = {A4018684-0E03-4CDB-BB08-D03027E744A9}
	EndGlobalSection
EndGlobal
