
Microsoft Visual Studio Solution File, Format Version 12.00
# Visual Studio Version 17
VisualStudioVersion = 17.13.35931.197 d17.13
MinimumVisualStudioVersion = 10.0.40219.1
Project("{FAE04EC0-301F-11D3-BF4B-00C04F79EFBC}") = "A. Bit++", "A. Bit++\A. Bit++.csproj", "{55F6349E-81CF-4355-B1C5-5D65D5ED7F9A}"
EndProject
Global
	GlobalSection(SolutionConfigurationPlatforms) = preSolution
		Debug|Any CPU = Debug|Any CPU
		Release|Any CPU = Release|Any CPU
	EndGlobalSection
	GlobalSection(ProjectConfigurationPlatforms) = postSolution
		{55F6349E-81CF-4355-B1C5-5D65D5ED7F9A}.Debug|Any CPU.ActiveCfg = Debug|Any CPU
		{55F6349E-81CF-4355-B1C5-5D65D5ED7F9A}.Debug|Any CPU.Build.0 = Debug|Any CPU
		{55F6349E-81CF-4355-B1C5-5D65D5ED7F9A}.Release|Any CPU.ActiveCfg = Release|Any CPU
		{55F6349E-81CF-4355-B1C5-5D65D5ED7F9A}.Release|Any CPU.Build.0 = Release|Any CPU
	EndGlobalSection
	GlobalSection(SolutionProperties) = preSolution
		HideSolutionNode = FALSE
	EndGlobalSection
	GlobalSection(ExtensibilityGlobals) = postSolution
		SolutionGuid = {A4018684-0E03-4CDB-BB08-D03027E744A9}
	EndGlobalSection
EndGlobal
